
Microsoft Visual Studio Solution File, Format Version 12.00
# Visual Studio Version 17
VisualStudioVersion = 17.4.33122.133
MinimumVisualStudioVersion = 10.0.40219.1
Project("{FAE04EC0-301F-11D3-BF4B-00C04F79EFBC}") = "CommandPattern.Tests", "CommandPattern.Tests\CommandPattern.Tests.csproj", "{C5053D85-0973-4DC6-9613-6A66B08074F6}"
EndProject
Project("{FAE04EC0-301F-11D3-BF4B-00C04F79EFBC}") = "CommandPattern", "CommandPattern\CommandPattern.csproj", "{08EB4308-7B21-48E8-AA54-349195364A73}"
EndProject
Global
	GlobalSection(SolutionConfigurationPlatforms) = preSolution
		Debug|Any CPU = Debug|Any CPU
		Release|Any CPU = Release|Any CPU
	EndGlobalSection
	GlobalSection(ProjectConfigurationPlatforms) = postSolution
		{C5053D85-0973-4DC6-9613-6A66B08074F6}.Debug|Any CPU.ActiveCfg = Debug|Any CPU
		{C5053D85-0973-4DC6-9613-6A66B08074F6}.Debug|Any CPU.Build.0 = Debug|Any CPU
		{C5053D85-0973-4DC6-9613-6A66B08074F6}.Release|Any CPU.ActiveCfg = Release|Any CPU
		{C5053D85-0973-4DC6-9613-6A66B08074F6}.Release|Any CPU.Build.0 = Release|Any CPU
		{08EB4308-7B21-48E8-AA54-349195364A73}.Debug|Any CPU.ActiveCfg = Debug|Any CPU
		{08EB4308-7B21-48E8-AA54-349195364A73}.Debug|Any CPU.Build.0 = Debug|Any CPU
		{08EB4308-7B21-48E8-AA54-349195364A73}.Release|Any CPU.ActiveCfg = Release|Any CPU
		{08EB4308-7B21-48E8-AA54-349195364A73}.Release|Any CPU.Build.0 = Release|Any CPU
	EndGlobalSection
	GlobalSection(SolutionProperties) = preSolution
		HideSolutionNode = FALSE
	EndGlobalSection
	GlobalSection(ExtensibilityGlobals) = postSolution
		SolutionGuid = {619D5774-0BD8-4D38-85DA-6B503D23F821}
	EndGlobalSection
EndGlobal
